
Microsoft Visual Studio Solution File, Format Version 12.00
# Visual Studio 15
Project("{FAE04EC0-301F-11D3-BF4B-00C04F79EFBC}") = "Boxophobic.Utils.Scripts", "Boxophobic.Utils.Scripts.csproj", "{BF8B0AB6-3B52-B02E-50C0-D4C9EE47E698}"
EndProject
Project("{FAE04EC0-301F-11D3-BF4B-00C04F79EFBC}") = "Assembly-CSharp", "Assembly-CSharp.csproj", "{AC39E7D6-1399-A1C8-EB8D-85A5C524BA51}"
EndProject
Project("{FAE04EC0-301F-11D3-BF4B-00C04F79EFBC}") = "Boxophobic.Utils.Editor", "Boxophobic.Utils.Editor.csproj", "{93BA4712-71A4-1111-08C6-71E89A6A80A6}"
EndProject
Project("{FAE04EC0-301F-11D3-BF4B-00C04F79EFBC}") = "Boxophobic.SkyboxCubemapExtended.Editor", "Boxophobic.SkyboxCubemapExtended.Editor.csproj", "{29C4BD3E-782D-CE0F-613A-B04BE5B5CA18}"
EndProject
Global
	GlobalSection(SolutionConfigurationPlatforms) = preSolution
		Debug|Any CPU = Debug|Any CPU
		Release|Any CPU = Release|Any CPU
	EndGlobalSection
	GlobalSection(ProjectConfigurationPlatforms) = postSolution
		{BF8B0AB6-3B52-B02E-50C0-D4C9EE47E698}.Debug|Any CPU.ActiveCfg = Debug|Any CPU
		{BF8B0AB6-3B52-B02E-50C0-D4C9EE47E698}.Debug|Any CPU.Build.0 = Debug|Any CPU
		{BF8B0AB6-3B52-B02E-50C0-D4C9EE47E698}.Release|Any CPU.ActiveCfg = Release|Any CPU
		{BF8B0AB6-3B52-B02E-50C0-D4C9EE47E698}.Release|Any CPU.Build.0 = Release|Any CPU
		{AC39E7D6-1399-A1C8-EB8D-85A5C524BA51}.Debug|Any CPU.ActiveCfg = Debug|Any CPU
		{AC39E7D6-1399-A1C8-EB8D-85A5C524BA51}.Debug|Any CPU.Build.0 = Debug|Any CPU
		{AC39E7D6-1399-A1C8-EB8D-85A5C524BA51}.Release|Any CPU.ActiveCfg = Release|Any CPU
		{AC39E7D6-1399-A1C8-EB8D-85A5C524BA51}.Release|Any CPU.Build.0 = Release|Any CPU
		{93BA4712-71A4-1111-08C6-71E89A6A80A6}.Debug|Any CPU.ActiveCfg = Debug|Any CPU
		{93BA4712-71A4-1111-08C6-71E89A6A80A6}.Debug|Any CPU.Build.0 = Debug|Any CPU
		{93BA4712-71A4-1111-08C6-71E89A6A80A6}.Release|Any CPU.ActiveCfg = Release|Any CPU
		{93BA4712-71A4-1111-08C6-71E89A6A80A6}.Release|Any CPU.Build.0 = Release|Any CPU
		{29C4BD3E-782D-CE0F-613A-B04BE5B5CA18}.Debug|Any CPU.ActiveCfg = Debug|Any CPU
		{29C4BD3E-782D-CE0F-613A-B04BE5B5CA18}.Debug|Any CPU.Build.0 = Debug|Any CPU
		{29C4BD3E-782D-CE0F-613A-B04BE5B5CA18}.Release|Any CPU.ActiveCfg = Release|Any CPU
		{29C4BD3E-782D-CE0F-613A-B04BE5B5CA18}.Release|Any CPU.Build.0 = Release|Any CPU
	EndGlobalSection
	GlobalSection(SolutionProperties) = preSolution
		HideSolutionNode = FALSE
	EndGlobalSection
EndGlobal
